// !$*UTF8*$!
{
	archiveVersion = 1;
	classes = {
	};
	objectVersion = 55;
	objects = {

/* Begin PBXBuildFile section */
		1F9BB17C284FEB3E00A963DD /* Datepicker.swift in Sources */ = {isa = PBXBuildFile; fileRef = 1F9BB17B284FEB3E00A963DD /* Datepicker.swift */; };
		1F9BBB43284D43AE00BA3A24 /* ToDoTableViewCell.swift in Sources */ = {isa = PBXBuildFile; fileRef = 1F9BBB42284D43AE00BA3A24 /* ToDoTableViewCell.swift */; };
		1F9CF996284E91AA004D9354 /* SnapKit in Frameworks */ = {isa = PBXBuildFile; productRef = 1F9CF995284E91AA004D9354 /* SnapKit */; };
		1F9CF999284E92A1004D9354 /* createToDoViewController.swift in Sources */ = {isa = PBXBuildFile; fileRef = 1F9CF998284E92A1004D9354 /* createToDoViewController.swift */; };
		1F9CF99C284E9321004D9354 /* Label.swift in Sources */ = {isa = PBXBuildFile; fileRef = 1F9CF99B284E9321004D9354 /* Label.swift */; };
		1F9CF99F284E934E004D9354 /* Textfield.swift in Sources */ = {isa = PBXBuildFile; fileRef = 1F9CF99E284E934E004D9354 /* Textfield.swift */; };
		1F9CF9A1284E9372004D9354 /* Button.swift in Sources */ = {isa = PBXBuildFile; fileRef = 1F9CF9A0284E9372004D9354 /* Button.swift */; };
		1F9CF9A4284E94B1004D9354 /* Extensions.swift in Sources */ = {isa = PBXBuildFile; fileRef = 1F9CF9A3284E94B1004D9354 /* Extensions.swift */; };
		1FE42907284D3E80008343B8 /* AppDelegate.swift in Sources */ = {isa = PBXBuildFile; fileRef = 1FE42906284D3E80008343B8 /* AppDelegate.swift */; };
		1FE42909284D3E80008343B8 /* SceneDelegate.swift in Sources */ = {isa = PBXBuildFile; fileRef = 1FE42908284D3E80008343B8 /* SceneDelegate.swift */; };
		1FE4290B284D3E80008343B8 /* ToDoListViewController.swift in Sources */ = {isa = PBXBuildFile; fileRef = 1FE4290A284D3E80008343B8 /* ToDoListViewController.swift */; };
		1FE42910284D3E80008343B8 /* Assets.xcassets in Resources */ = {isa = PBXBuildFile; fileRef = 1FE4290F284D3E80008343B8 /* Assets.xcassets */; };
		1FE42913284D3E80008343B8 /* LaunchScreen.storyboard in Resources */ = {isa = PBXBuildFile; fileRef = 1FE42911284D3E80008343B8 /* LaunchScreen.storyboard */; };
/* End PBXBuildFile section */

/* Begin PBXFileReference section */
		1F9BB17B284FEB3E00A963DD /* Datepicker.swift */ = {isa = PBXFileReference; lastKnownFileType = sourcecode.swift; path = Datepicker.swift; sourceTree = "<group>"; };
		1F9BBB42284D43AE00BA3A24 /* ToDoTableViewCell.swift */ = {isa = PBXFileReference; lastKnownFileType = sourcecode.swift; path = ToDoTableViewCell.swift; sourceTree = "<group>"; };
		1F9CF998284E92A1004D9354 /* createToDoViewController.swift */ = {isa = PBXFileReference; lastKnownFileType = sourcecode.swift; path = createToDoViewController.swift; sourceTree = "<group>"; };
		1F9CF99B284E9321004D9354 /* Label.swift */ = {isa = PBXFileReference; lastKnownFileType = sourcecode.swift; path = Label.swift; sourceTree = "<group>"; };
		1F9CF99E284E934E004D9354 /* Textfield.swift */ = {isa = PBXFileReference; lastKnownFileType = sourcecode.swift; path = Textfield.swift; sourceTree = "<group>"; };
		1F9CF9A0284E9372004D9354 /* Button.swift */ = {isa = PBXFileReference; lastKnownFileType = sourcecode.swift; path = Button.swift; sourceTree = "<group>"; };
		1F9CF9A3284E94B1004D9354 /* Extensions.swift */ = {isa = PBXFileReference; lastKnownFileType = sourcecode.swift; path = Extensions.swift; sourceTree = "<group>"; };
		1FE42903284D3E80008343B8 /* toDoApp.app */ = {isa = PBXFileReference; explicitFileType = wrapper.application; includeInIndex = 0; path = toDoApp.app; sourceTree = BUILT_PRODUCTS_DIR; };
		1FE42906284D3E80008343B8 /* AppDelegate.swift */ = {isa = PBXFileReference; lastKnownFileType = sourcecode.swift; path = AppDelegate.swift; sourceTree = "<group>"; };
		1FE42908284D3E80008343B8 /* SceneDelegate.swift */ = {isa = PBXFileReference; lastKnownFileType = sourcecode.swift; path = SceneDelegate.swift; sourceTree = "<group>"; };
		1FE4290A284D3E80008343B8 /* ToDoListViewController.swift */ = {isa = PBXFileReference; lastKnownFileType = sourcecode.swift; path = ToDoListViewController.swift; sourceTree = "<group>"; };
		1FE4290F284D3E80008343B8 /* Assets.xcassets */ = {isa = PBXFileReference; lastKnownFileType = folder.assetcatalog; path = Assets.xcassets; sourceTree = "<group>"; };
		1FE42912284D3E80008343B8 /* Base */ = {isa = PBXFileReference; lastKnownFileType = file.storyboard; name = Base; path = Base.lproj/LaunchScreen.storyboard; sourceTree = "<group>"; };
		1FE42914284D3E80008343B8 /* Info.plist */ = {isa = PBXFileReference; lastKnownFileType = text.plist.xml; path = Info.plist; sourceTree = "<group>"; };
/* End PBXFileReference section */

/* Begin PBXFrameworksBuildPhase section */
		1FE42900284D3E80008343B8 /* Frameworks */ = {
			isa = PBXFrameworksBuildPhase;
			buildActionMask = 2147483647;
			files = (
				1F9CF996284E91AA004D9354 /* SnapKit in Frameworks */,
			);
			runOnlyForDeploymentPostprocessing = 0;
		};
/* End PBXFrameworksBuildPhase section */

/* Begin PBXGroup section */
		1F9CF993284E910F004D9354 /* ToDoListPage */ = {
			isa = PBXGroup;
			children = (
				1FE4290A284D3E80008343B8 /* ToDoListViewController.swift */,
				1F9BBB42284D43AE00BA3A24 /* ToDoTableViewCell.swift */,
			);
			path = ToDoListPage;
			sourceTree = "<group>";
		};
		1F9CF997284E9244004D9354 /* createToDoPage */ = {
			isa = PBXGroup;
			children = (
				1F9CF998284E92A1004D9354 /* createToDoViewController.swift */,
			);
			path = createToDoPage;
			sourceTree = "<group>";
		};
		1F9CF99A284E930D004D9354 /* Storyboards */ = {
			isa = PBXGroup;
			children = (
				1FE42911284D3E80008343B8 /* LaunchScreen.storyboard */,
			);
			path = Storyboards;
			sourceTree = "<group>";
		};
		1F9CF9A2284E94A4004D9354 /* Utilities */ = {
			isa = PBXGroup;
			children = (
				1F9CF9A3284E94B1004D9354 /* Extensions.swift */,
			);
			path = Utilities;
			sourceTree = "<group>";
		};
		1FE428FA284D3E80008343B8 = {
			isa = PBXGroup;
			children = (
				1FE42905284D3E80008343B8 /* toDoApp */,
				1FE42904284D3E80008343B8 /* Products */,
			);
			sourceTree = "<group>";
		};
		1FE42904284D3E80008343B8 /* Products */ = {
			isa = PBXGroup;
			children = (
				1FE42903284D3E80008343B8 /* toDoApp.app */,
			);
			name = Products;
			sourceTree = "<group>";
		};
		1FE42905284D3E80008343B8 /* toDoApp */ = {
			isa = PBXGroup;
			children = (
				1F9CF9A2284E94A4004D9354 /* Utilities */,
				1FE4291D284D3EE9008343B8 /* View */,
				1FE4291C284D3ED9008343B8 /* Resources */,
				1FE4291B284D3ECE008343B8 /* Scene */,
				1FE4291A284D3EC2008343B8 /* App */,
			);
			path = toDoApp;
			sourceTree = "<group>";
		};
		1FE4291A284D3EC2008343B8 /* App */ = {
			isa = PBXGroup;
			children = (
				1FE42906284D3E80008343B8 /* AppDelegate.swift */,
				1FE42908284D3E80008343B8 /* SceneDelegate.swift */,
			);
			path = App;
			sourceTree = "<group>";
		};
		1FE4291B284D3ECE008343B8 /* Scene */ = {
			isa = PBXGroup;
			children = (
				1F9CF997284E9244004D9354 /* createToDoPage */,
				1F9CF993284E910F004D9354 /* ToDoListPage */,
			);
			path = Scene;
			sourceTree = "<group>";
		};
		1FE4291C284D3ED9008343B8 /* Resources */ = {
			isa = PBXGroup;
			children = (
				1FE4290F284D3E80008343B8 /* Assets.xcassets */,
				1FE42914284D3E80008343B8 /* Info.plist */,
			);
			path = Resources;
			sourceTree = "<group>";
		};
		1FE4291D284D3EE9008343B8 /* View */ = {
			isa = PBXGroup;
			children = (
				1F9CF99A284E930D004D9354 /* Storyboards */,
				1F9CF99B284E9321004D9354 /* Label.swift */,
				1F9CF99E284E934E004D9354 /* Textfield.swift */,
				1F9CF9A0284E9372004D9354 /* Button.swift */,
				1F9BB17B284FEB3E00A963DD /* Datepicker.swift */,
			);
			path = View;
			sourceTree = "<group>";
		};
/* End PBXGroup section */

/* Begin PBXNativeTarget section */
		1FE42902284D3E80008343B8 /* toDoApp */ = {
			isa = PBXNativeTarget;
			buildConfigurationList = 1FE42917284D3E81008343B8 /* Build configuration list for PBXNativeTarget "toDoApp" */;
			buildPhases = (
				1FE428FF284D3E80008343B8 /* Sources */,
				1FE42900284D3E80008343B8 /* Frameworks */,
				1FE42901284D3E80008343B8 /* Resources */,
			);
			buildRules = (
			);
			dependencies = (
			);
			name = toDoApp;
			packageProductDependencies = (
				1F9CF995284E91AA004D9354 /* SnapKit */,
			);
			productName = toDoApp;
			productReference = 1FE42903284D3E80008343B8 /* toDoApp.app */;
			productType = "com.apple.product-type.application";
		};
/* End PBXNativeTarget section */

/* Begin PBXProject section */
		1FE428FB284D3E80008343B8 /* Project object */ = {
			isa = PBXProject;
			attributes = {
				BuildIndependentTargetsInParallel = 1;
				LastSwiftUpdateCheck = 1330;
				LastUpgradeCheck = 1330;
				TargetAttributes = {
					1FE42902284D3E80008343B8 = {
						CreatedOnToolsVersion = 13.3;
					};
				};
			};
			buildConfigurationList = 1FE428FE284D3E80008343B8 /* Build configuration list for PBXProject "toDoApp" */;
			compatibilityVersion = "Xcode 13.0";
			developmentRegion = en;
			hasScannedForEncodings = 0;
			knownRegions = (
				en,
				Base,
			);
			mainGroup = 1FE428FA284D3E80008343B8;
			packageReferences = (
				1F9CF994284E91AA004D9354 /* XCRemoteSwiftPackageReference "SnapKit" */,
			);
			productRefGroup = 1FE42904284D3E80008343B8 /* Products */;
			projectDirPath = "";
			projectRoot = "";
			targets = (
				1FE42902284D3E80008343B8 /* toDoApp */,
			);
		};
/* End PBXProject section */

/* Begin PBXResourcesBuildPhase section */
		1FE42901284D3E80008343B8 /* Resources */ = {
			isa = PBXResourcesBuildPhase;
			buildActionMask = 2147483647;
			files = (
				1FE42913284D3E80008343B8 /* LaunchScreen.storyboard in Resources */,
				1FE42910284D3E80008343B8 /* Assets.xcassets in Resources */,
			);
			runOnlyForDeploymentPostprocessing = 0;
		};
/* End PBXResourcesBuildPhase section */

/* Begin PBXSourcesBuildPhase section */
		1FE428FF284D3E80008343B8 /* Sources */ = {
			isa = PBXSourcesBuildPhase;
			buildActionMask = 2147483647;
			files = (
				1FE4290B284D3E80008343B8 /* ToDoListViewController.swift in Sources */,
				1F9CF9A4284E94B1004D9354 /* Extensions.swift in Sources */,
				1FE42907284D3E80008343B8 /* AppDelegate.swift in Sources */,
				1F9CF99F284E934E004D9354 /* Textfield.swift in Sources */,
				1F9CF9A1284E9372004D9354 /* Button.swift in Sources */,
				1F9CF99C284E9321004D9354 /* Label.swift in Sources */,
				1FE42909284D3E80008343B8 /* SceneDelegate.swift in Sources */,
				1F9BB17C284FEB3E00A963DD /* Datepicker.swift in Sources */,
				1F9BBB43284D43AE00BA3A24 /* ToDoTableViewCell.swift in Sources */,
				1F9CF999284E92A1004D9354 /* createToDoViewController.swift in Sources */,
			);
			runOnlyForDeploymentPostprocessing = 0;
		};
/* End PBXSourcesBuildPhase section */

/* Begin PBXVariantGroup section */
		1FE42911284D3E80008343B8 /* LaunchScreen.storyboard */ = {
			isa = PBXVariantGroup;
			children = (
				1FE42912284D3E80008343B8 /* Base */,
			);
			name = LaunchScreen.storyboard;
			sourceTree = "<group>";
		};
/* End PBXVariantGroup section */

/* Begin XCBuildConfiguration section */
		1FE42915284D3E80008343B8 /* Debug */ = {
			isa = XCBuildConfiguration;
			buildSettings = {
				ALWAYS_SEARCH_USER_PATHS = NO;
				CLANG_ANALYZER_NONNULL = YES;
				CLANG_ANALYZER_NUMBER_OBJECT_CONVERSION = YES_AGGRESSIVE;
				CLANG_CXX_LANGUAGE_STANDARD = "gnu++17";
				CLANG_ENABLE_MODULES = YES;
				CLANG_ENABLE_OBJC_ARC = YES;
				CLANG_ENABLE_OBJC_WEAK = YES;
				CLANG_WARN_BLOCK_CAPTURE_AUTORELEASING = YES;
				CLANG_WARN_BOOL_CONVERSION = YES;
				CLANG_WARN_COMMA = YES;
				CLANG_WARN_CONSTANT_CONVERSION = YES;
				CLANG_WARN_DEPRECATED_OBJC_IMPLEMENTATIONS = YES;
				CLANG_WARN_DIRECT_OBJC_ISA_USAGE = YES_ERROR;
				CLANG_WARN_DOCUMENTATION_COMMENTS = YES;
				CLANG_WARN_EMPTY_BODY = YES;
				CLANG_WARN_ENUM_CONVERSION = YES;
				CLANG_WARN_INFINITE_RECURSION = YES;
				CLANG_WARN_INT_CONVERSION = YES;
				CLANG_WARN_NON_LITERAL_NULL_CONVERSION = YES;
				CLANG_WARN_OBJC_IMPLICIT_RETAIN_SELF = YES;
				CLANG_WARN_OBJC_LITERAL_CONVERSION = YES;
				CLANG_WARN_OBJC_ROOT_CLASS = YES_ERROR;
				CLANG_WARN_QUOTED_INCLUDE_IN_FRAMEWORK_HEADER = YES;
				CLANG_WARN_RANGE_LOOP_ANALYSIS = YES;
				CLANG_WARN_STRICT_PROTOTYPES = YES;
				CLANG_WARN_SUSPICIOUS_MOVE = YES;
				CLANG_WARN_UNGUARDED_AVAILABILITY = YES_AGGRESSIVE;
				CLANG_WARN_UNREACHABLE_CODE = YES;
				CLANG_WARN__DUPLICATE_METHOD_MATCH = YES;
				COPY_PHASE_STRIP = NO;
				DEBUG_INFORMATION_FORMAT = dwarf;
				ENABLE_STRICT_OBJC_MSGSEND = YES;
				ENABLE_TESTABILITY = YES;
				GCC_C_LANGUAGE_STANDARD = gnu11;
				GCC_DYNAMIC_NO_PIC = NO;
				GCC_NO_COMMON_BLOCKS = YES;
				GCC_OPTIMIZATION_LEVEL = 0;
				GCC_PREPROCESSOR_DEFINITIONS = (
					"DEBUG=1",
					"$(inherited)",
				);
				GCC_WARN_64_TO_32_BIT_CONVERSION = YES;
				GCC_WARN_ABOUT_RETURN_TYPE = YES_ERROR;
				GCC_WARN_UNDECLARED_SELECTOR = YES;
				GCC_WARN_UNINITIALIZED_AUTOS = YES_AGGRESSIVE;
				GCC_WARN_UNUSED_FUNCTION = YES;
				GCC_WARN_UNUSED_VARIABLE = YES;
				IPHONEOS_DEPLOYMENT_TARGET = 15.4;
				MTL_ENABLE_DEBUG_INFO = INCLUDE_SOURCE;
				MTL_FAST_MATH = YES;
				ONLY_ACTIVE_ARCH = YES;
				SDKROOT = iphoneos;
				SWIFT_ACTIVE_COMPILATION_CONDITIONS = DEBUG;
				SWIFT_OPTIMIZATION_LEVEL = "-Onone";
			};
			name = Debug;
		};
		1FE42916284D3E80008343B8 /* Release */ = {
			isa = XCBuildConfiguration;
			buildSettings = {
				ALWAYS_SEARCH_USER_PATHS = NO;
				CLANG_ANALYZER_NONNULL = YES;
				CLANG_ANALYZER_NUMBER_OBJECT_CONVERSION = YES_AGGRESSIVE;
				CLANG_CXX_LANGUAGE_STANDARD = "gnu++17";
				CLANG_ENABLE_MODULES = YES;
				CLANG_ENABLE_OBJC_ARC = YES;
				CLANG_ENABLE_OBJC_WEAK = YES;
				CLANG_WARN_BLOCK_CAPTURE_AUTORELEASING = YES;
				CLANG_WARN_BOOL_CONVERSION = YES;
				CLANG_WARN_COMMA = YES;
				CLANG_WARN_CONSTANT_CONVERSION = YES;
				CLANG_WARN_DEPRECATED_OBJC_IMPLEMENTATIONS = YES;
				CLANG_WARN_DIRECT_OBJC_ISA_USAGE = YES_ERROR;
				CLANG_WARN_DOCUMENTATION_COMMENTS = YES;
				CLANG_WARN_EMPTY_BODY = YES;
				CLANG_WARN_ENUM_CONVERSION = YES;
				CLANG_WARN_INFINITE_RECURSION = YES;
				CLANG_WARN_INT_CONVERSION = YES;
				CLANG_WARN_NON_LITERAL_NULL_CONVERSION = YES;
				CLANG_WARN_OBJC_IMPLICIT_RETAIN_SELF = YES;
				CLANG_WARN_OBJC_LITERAL_CONVERSION = YES;
				CLANG_WARN_OBJC_ROOT_CLASS = YES_ERROR;
				CLANG_WARN_QUOTED_INCLUDE_IN_FRAMEWORK_HEADER = YES;
				CLANG_WARN_RANGE_LOOP_ANALYSIS = YES;
				CLANG_WARN_STRICT_PROTOTYPES = YES;
				CLANG_WARN_SUSPICIOUS_MOVE = YES;
				CLANG_WARN_UNGUARDED_AVAILABILITY = YES_AGGRESSIVE;
				CLANG_WARN_UNREACHABLE_CODE = YES;
				CLANG_WARN__DUPLICATE_METHOD_MATCH = YES;
				COPY_PHASE_STRIP = NO;
				DEBUG_INFORMATION_FORMAT = "dwarf-with-dsym";
				ENABLE_NS_ASSERTIONS = NO;
				ENABLE_STRICT_OBJC_MSGSEND = YES;
				GCC_C_LANGUAGE_STANDARD = gnu11;
				GCC_NO_COMMON_BLOCKS = YES;
				GCC_WARN_64_TO_32_BIT_CONVERSION = YES;
				GCC_WARN_ABOUT_RETURN_TYPE = YES_ERROR;
				GCC_WARN_UNDECLARED_SELECTOR = YES;
				GCC_WARN_UNINITIALIZED_AUTOS = YES_AGGRESSIVE;
				GCC_WARN_UNUSED_FUNCTION = YES;
				GCC_WARN_UNUSED_VARIABLE = YES;
				IPHONEOS_DEPLOYMENT_TARGET = 15.4;
				MTL_ENABLE_DEBUG_INFO = NO;
				MTL_FAST_MATH = YES;
				SDKROOT = iphoneos;
				SWIFT_COMPILATION_MODE = wholemodule;
				SWIFT_OPTIMIZATION_LEVEL = "-O";
				VALIDATE_PRODUCT = YES;
			};
			name = Release;
		};
		1FE42918284D3E81008343B8 /* Debug */ = {
			isa = XCBuildConfiguration;
			buildSettings = {
				ASSETCATALOG_COMPILER_APPICON_NAME = AppIcon;
				ASSETCATALOG_COMPILER_GLOBAL_ACCENT_COLOR_NAME = AccentColor;
				CODE_SIGN_STYLE = Automatic;
				CURRENT_PROJECT_VERSION = 1;
				DEVELOPMENT_TEAM = HSF4893TH5;
				GENERATE_INFOPLIST_FILE = YES;
				INFOPLIST_FILE = toDoApp/Resources/Info.plist;
				INFOPLIST_KEY_UIApplicationSupportsIndirectInputEvents = YES;
				INFOPLIST_KEY_UILaunchStoryboardName = LaunchScreen;
				INFOPLIST_KEY_UIMainStoryboardFile = "";
				INFOPLIST_KEY_UISupportedInterfaceOrientations = UIInterfaceOrientationPortrait;
				INFOPLIST_KEY_UISupportedInterfaceOrientations_iPad = "UIInterfaceOrientationPortrait UIInterfaceOrientationPortraitUpsideDown UIInterfaceOrientationLandscapeLeft UIInterfaceOrientationLandscapeRight";
				INFOPLIST_KEY_UISupportedInterfaceOrientations_iPhone = "UIInterfaceOrientationPortrait UIInterfaceOrientationLandscapeLeft UIInterfaceOrientationLandscapeRight";
				IPHONEOS_DEPLOYMENT_TARGET = 14.0;
				LD_RUNPATH_SEARCH_PATHS = (
					"$(inherited)",
					"@executable_path/Frameworks",
				);
				MARKETING_VERSION = 0.1.0;
				PRODUCT_BUNDLE_IDENTIFIER = com.akinaksoy.toDoApp;
				PRODUCT_NAME = "$(TARGET_NAME)";
				SWIFT_EMIT_LOC_STRINGS = YES;
				SWIFT_VERSION = 5.0;
				TARGETED_DEVICE_FAMILY = 1;
			};
			name = Debug;
		};
		1FE42919284D3E81008343B8 /* Release */ = {
			isa = XCBuildConfiguration;
			buildSettings = {
				ASSETCATALOG_COMPILER_APPICON_NAME = AppIcon;
				ASSETCATALOG_COMPILER_GLOBAL_ACCENT_COLOR_NAME = AccentColor;
				CODE_SIGN_STYLE = Automatic;
				CURRENT_PROJECT_VERSION = 1;
				DEVELOPMENT_TEAM = HSF4893TH5;
				GENERATE_INFOPLIST_FILE = YES;
				INFOPLIST_FILE = toDoApp/Resources/Info.plist;
				INFOPLIST_KEY_UIApplicationSupportsIndirectInputEvents = YES;
				INFOPLIST_KEY_UILaunchStoryboardName = LaunchScreen;
				INFOPLIST_KEY_UIMainStoryboardFile = "";
				INFOPLIST_KEY_UISupportedInterfaceOrientations = UIInterfaceOrientationPortrait;
				INFOPLIST_KEY_UISupportedInterfaceOrientations_iPad = "UIInterfaceOrientationPortrait UIInterfaceOrientationPortraitUpsideDown UIInterfaceOrientationLandscapeLeft UIInterfaceOrientationLandscapeRight";
				INFOPLIST_KEY_UISupportedInterfaceOrientations_iPhone = "UIInterfaceOrientationPortrait UIInterfaceOrientationLandscapeLeft UIInterfaceOrientationLandscapeRight";
				IPHONEOS_DEPLOYMENT_TARGET = 14.0;
				LD_RUNPATH_SEARCH_PATHS = (
					"$(inherited)",
					"@executable_path/Frameworks",
				);
				MARKETING_VERSION = 0.1.0;
				PRODUCT_BUNDLE_IDENTIFIER = com.akinaksoy.toDoApp;
				PRODUCT_NAME = "$(TARGET_NAME)";
				SWIFT_EMIT_LOC_STRINGS = YES;
				SWIFT_VERSION = 5.0;
				TARGETED_DEVICE_FAMILY = 1;
			};
			name = Release;
		};
/* End XCBuildConfiguration section */

/* Begin XCConfigurationList section */
		1FE428FE284D3E80008343B8 /* Build configuration list for PBXProject "toDoApp" */ = {
			isa = XCConfigurationList;
			buildConfigurations = (
				1FE42915284D3E80008343B8 /* Debug */,
				1FE42916284D3E80008343B8 /* Release */,
			);
			defaultConfigurationIsVisible = 0;
			defaultConfigurationName = Release;
		};
		1FE42917284D3E81008343B8 /* Build configuration list for PBXNativeTarget "toDoApp" */ = {
			isa = XCConfigurationList;
			buildConfigurations = (
				1FE42918284D3E81008343B8 /* Debug */,
				1FE42919284D3E81008343B8 /* Release */,
			);
			defaultConfigurationIsVisible = 0;
			defaultConfigurationName = Release;
		};
/* End XCConfigurationList section */

/* Begin XCRemoteSwiftPackageReference section */
		1F9CF994284E91AA004D9354 /* XCRemoteSwiftPackageReference "SnapKit" */ = {
			isa = XCRemoteSwiftPackageReference;
			repositoryURL = "https://github.com/SnapKit/SnapKit.git";
			requirement = {
				branch = develop;
				kind = branch;
			};
		};
/* End XCRemoteSwiftPackageReference section */

/* Begin XCSwiftPackageProductDependency section */
		1F9CF995284E91AA004D9354 /* SnapKit */ = {
			isa = XCSwiftPackageProductDependency;
			package = 1F9CF994284E91AA004D9354 /* XCRemoteSwiftPackageReference "SnapKit" */;
			productName = SnapKit;
		};
/* End XCSwiftPackageProductDependency section */
	};
	rootObject = 1FE428FB284D3E80008343B8 /* Project object */;
}
